// !$*UTF8*$!
{
	archiveVersion = 1;
	classes = {
	};
	objectVersion = 46;
	objects = {

/* Begin PBXBuildFile section */
		219C1DFC1BE76F3C0084CC5C /* Stations.plist in Resources */ = {isa = PBXBuildFile; fileRef = 219C1DFA1BE76F3C0084CC5C /* Stations.plist */; };
		219C1E001BE786BC0084CC5C /* Subways.plist in Resources */ = {isa = PBXBuildFile; fileRef = 219C1DFE1BE786BC0084CC5C /* Subways.plist */; };
		219CFFD01BEBECE7008F2EE8 /* AboutViewController.swift in Sources */ = {isa = PBXBuildFile; fileRef = 219CFFCF1BEBECE7008F2EE8 /* AboutViewController.swift */; };
		219CFFD41BEBFA24008F2EE8 /* LocationService.swift in Sources */ = {isa = PBXBuildFile; fileRef = 219CFFD31BEBFA24008F2EE8 /* LocationService.swift */; };
		219FA9C91BEA2BAC00161450 /* SettingsTableViewController.swift in Sources */ = {isa = PBXBuildFile; fileRef = 219FA9C81BEA2BAC00161450 /* SettingsTableViewController.swift */; };
		21BC21F51BE95601002E0DFF /* Dormitories.plist in Resources */ = {isa = PBXBuildFile; fileRef = 21BC21F31BE95601002E0DFF /* Dormitories.plist */; };
		21C89BBF1BE6501500816449 /* Campuses.plist in Resources */ = {isa = PBXBuildFile; fileRef = 21C89BC11BE6501500816449 /* Campuses.plist */; };
		21C89BC51BE69E2700816449 /* Localizable.strings in Resources */ = {isa = PBXBuildFile; fileRef = 21C89BC31BE69E2700816449 /* Localizable.strings */; };
		21DBB37B1BE6AD3600879415 /* FortuneQuotes.plist in Resources */ = {isa = PBXBuildFile; fileRef = 21DBB3791BE6AD3600879415 /* FortuneQuotes.plist */; };
		A6BC8BD81BE2B21F006A91F7 /* AppDelegate.swift in Sources */ = {isa = PBXBuildFile; fileRef = A6BC8BD71BE2B21F006A91F7 /* AppDelegate.swift */; };
		A6BC8BDA1BE2B21F006A91F7 /* FindViewController.swift in Sources */ = {isa = PBXBuildFile; fileRef = A6BC8BD91BE2B21F006A91F7 /* FindViewController.swift */; };
		A6BC8BDD1BE2B21F006A91F7 /* Main.storyboard in Resources */ = {isa = PBXBuildFile; fileRef = A6BC8BDB1BE2B21F006A91F7 /* Main.storyboard */; };
		A6BC8BDF1BE2B21F006A91F7 /* Assets.xcassets in Resources */ = {isa = PBXBuildFile; fileRef = A6BC8BDE1BE2B21F006A91F7 /* Assets.xcassets */; };
		A6BC8BE21BE2B21F006A91F7 /* LaunchScreen.storyboard in Resources */ = {isa = PBXBuildFile; fileRef = A6BC8BE01BE2B21F006A91F7 /* LaunchScreen.storyboard */; };
		A6BC8BEA1BE2BE9B006A91F7 /* CampusPickerViewController.swift in Sources */ = {isa = PBXBuildFile; fileRef = A6BC8BE91BE2BE9B006A91F7 /* CampusPickerViewController.swift */; };
		A6BC8BEC1BE2BEAD006A91F7 /* TimePickerViewController.swift in Sources */ = {isa = PBXBuildFile; fileRef = A6BC8BEB1BE2BEAC006A91F7 /* TimePickerViewController.swift */; };
		A6BC8BEE1BE2BEC7006A91F7 /* RouteTableViewController.swift in Sources */ = {isa = PBXBuildFile; fileRef = A6BC8BED1BE2BEC7006A91F7 /* RouteTableViewController.swift */; };
		A6BC8BF01BE2D417006A91F7 /* README.md in Sources */ = {isa = PBXBuildFile; fileRef = A6BC8BEF1BE2D417006A91F7 /* README.md */; };
		A6BC8BF21BE3C232006A91F7 /* RouteDataModel.swift in Sources */ = {isa = PBXBuildFile; fileRef = A6BC8BF11BE3C232006A91F7 /* RouteDataModel.swift */; };
		A6D496581BE6560800073024 /* SwiftyJSON.swift in Sources */ = {isa = PBXBuildFile; fileRef = A6D496561BE6560800073024 /* SwiftyJSON.swift */; };
/* End PBXBuildFile section */

/* Begin PBXFileReference section */
		219C1DFB1BE76F3C0084CC5C /* Base */ = {isa = PBXFileReference; lastKnownFileType = text.plist.xml; name = Base; path = Base.lproj/Stations.plist; sourceTree = "<group>"; };
		219C1DFD1BE770850084CC5C /* ru */ = {isa = PBXFileReference; lastKnownFileType = text.plist.xml; name = ru; path = ru.lproj/Stations.plist; sourceTree = "<group>"; };
		219C1DFF1BE786BC0084CC5C /* Base */ = {isa = PBXFileReference; lastKnownFileType = text.plist.xml; name = Base; path = Base.lproj/Subways.plist; sourceTree = "<group>"; };
		219C1E011BE788AB0084CC5C /* ru */ = {isa = PBXFileReference; lastKnownFileType = text.plist.xml; name = ru; path = ru.lproj/Subways.plist; sourceTree = "<group>"; };
		219CFFCF1BEBECE7008F2EE8 /* AboutViewController.swift */ = {isa = PBXFileReference; fileEncoding = 4; lastKnownFileType = sourcecode.swift; path = AboutViewController.swift; sourceTree = "<group>"; };
		219CFFD31BEBFA24008F2EE8 /* LocationService.swift */ = {isa = PBXFileReference; fileEncoding = 4; lastKnownFileType = sourcecode.swift; path = LocationService.swift; sourceTree = "<group>"; };
		219FA9C81BEA2BAC00161450 /* SettingsTableViewController.swift */ = {isa = PBXFileReference; fileEncoding = 4; lastKnownFileType = sourcecode.swift; path = SettingsTableViewController.swift; sourceTree = "<group>"; };
		219FA9CB1BEA2F3200161450 /* ru */ = {isa = PBXFileReference; lastKnownFileType = text.plist.strings; name = ru; path = ru.lproj/Main.strings; sourceTree = "<group>"; };
		21BC21F41BE95601002E0DFF /* Base */ = {isa = PBXFileReference; lastKnownFileType = text.plist.xml; name = Base; path = Base.lproj/Dormitories.plist; sourceTree = "<group>"; };
		21BC21F61BE95626002E0DFF /* ru */ = {isa = PBXFileReference; lastKnownFileType = text.plist.xml; name = ru; path = ru.lproj/Dormitories.plist; sourceTree = "<group>"; };
		21C89BBE1BE64FE800816449 /* ru */ = {isa = PBXFileReference; lastKnownFileType = text.plist.strings; name = ru; path = ru.lproj/LaunchScreen.strings; sourceTree = "<group>"; };
		21C89BC01BE6501500816449 /* Base */ = {isa = PBXFileReference; lastKnownFileType = text.plist.xml; name = Base; path = Base.lproj/Campuses.plist; sourceTree = "<group>"; };
		21C89BC21BE6501C00816449 /* ru */ = {isa = PBXFileReference; lastKnownFileType = text.plist.xml; name = ru; path = ru.lproj/Campuses.plist; sourceTree = "<group>"; };
		21C89BC41BE69E2700816449 /* Base */ = {isa = PBXFileReference; lastKnownFileType = text.plist.strings; name = Base; path = Base.lproj/Localizable.strings; sourceTree = "<group>"; };
		21C89BC61BE69E3300816449 /* ru */ = {isa = PBXFileReference; lastKnownFileType = text.plist.strings; name = ru; path = ru.lproj/Localizable.strings; sourceTree = "<group>"; };
		21DBB37A1BE6AD3600879415 /* Base */ = {isa = PBXFileReference; lastKnownFileType = text.plist.xml; name = Base; path = Base.lproj/FortuneQuotes.plist; sourceTree = "<group>"; };
		21DBB37C1BE6AE6E00879415 /* ru */ = {isa = PBXFileReference; lastKnownFileType = text.plist.xml; name = ru; path = ru.lproj/FortuneQuotes.plist; sourceTree = "<group>"; };
		A6BC8BD41BE2B21F006A91F7 /* Dubki.app */ = {isa = PBXFileReference; explicitFileType = wrapper.application; includeInIndex = 0; path = Dubki.app; sourceTree = BUILT_PRODUCTS_DIR; };
		A6BC8BD71BE2B21F006A91F7 /* AppDelegate.swift */ = {isa = PBXFileReference; lastKnownFileType = sourcecode.swift; path = AppDelegate.swift; sourceTree = "<group>"; };
		A6BC8BD91BE2B21F006A91F7 /* FindViewController.swift */ = {isa = PBXFileReference; lastKnownFileType = sourcecode.swift; path = FindViewController.swift; sourceTree = "<group>"; };
		A6BC8BDC1BE2B21F006A91F7 /* Base */ = {isa = PBXFileReference; lastKnownFileType = file.storyboard; name = Base; path = Base.lproj/Main.storyboard; sourceTree = "<group>"; };
		A6BC8BDE1BE2B21F006A91F7 /* Assets.xcassets */ = {isa = PBXFileReference; lastKnownFileType = folder.assetcatalog; path = Assets.xcassets; sourceTree = "<group>"; };
		A6BC8BE11BE2B21F006A91F7 /* Base */ = {isa = PBXFileReference; lastKnownFileType = file.storyboard; name = Base; path = Base.lproj/LaunchScreen.storyboard; sourceTree = "<group>"; };
		A6BC8BE31BE2B21F006A91F7 /* Info.plist */ = {isa = PBXFileReference; lastKnownFileType = text.plist.xml; path = Info.plist; sourceTree = "<group>"; };
		A6BC8BE91BE2BE9B006A91F7 /* CampusPickerViewController.swift */ = {isa = PBXFileReference; fileEncoding = 4; lastKnownFileType = sourcecode.swift; path = CampusPickerViewController.swift; sourceTree = "<group>"; };
		A6BC8BEB1BE2BEAC006A91F7 /* TimePickerViewController.swift */ = {isa = PBXFileReference; fileEncoding = 4; lastKnownFileType = sourcecode.swift; path = TimePickerViewController.swift; sourceTree = "<group>"; };
		A6BC8BED1BE2BEC7006A91F7 /* RouteTableViewController.swift */ = {isa = PBXFileReference; fileEncoding = 4; lastKnownFileType = sourcecode.swift; path = RouteTableViewController.swift; sourceTree = "<group>"; };
		A6BC8BEF1BE2D417006A91F7 /* README.md */ = {isa = PBXFileReference; fileEncoding = 4; lastKnownFileType = net.daringfireball.markdown; path = README.md; sourceTree = "<group>"; };
		A6BC8BF11BE3C232006A91F7 /* RouteDataModel.swift */ = {isa = PBXFileReference; fileEncoding = 4; lastKnownFileType = sourcecode.swift; path = RouteDataModel.swift; sourceTree = "<group>"; };
		A6D496561BE6560800073024 /* SwiftyJSON.swift */ = {isa = PBXFileReference; fileEncoding = 4; lastKnownFileType = sourcecode.swift; name = SwiftyJSON.swift; path = SwiftyJSON/SwiftyJSON.swift; sourceTree = "<group>"; };
		A6D496571BE6560800073024 /* SwiftyJSON.h */ = {isa = PBXFileReference; fileEncoding = 4; lastKnownFileType = sourcecode.c.h; name = SwiftyJSON.h; path = SwiftyJSON/SwiftyJSON.h; sourceTree = "<group>"; };
/* End PBXFileReference section */

/* Begin PBXFrameworksBuildPhase section */
		A6BC8BD11BE2B21F006A91F7 /* Frameworks */ = {
			isa = PBXFrameworksBuildPhase;
			buildActionMask = 2147483647;
			files = (
			);
			runOnlyForDeploymentPostprocessing = 0;
		};
/* End PBXFrameworksBuildPhase section */

/* Begin PBXGroup section */
		A6BC8BCB1BE2B21F006A91F7 = {
			isa = PBXGroup;
			children = (
				A6BC8BEF1BE2D417006A91F7 /* README.md */,
				A6BC8BD61BE2B21F006A91F7 /* Dubki */,
				A6BC8BD51BE2B21F006A91F7 /* Products */,
			);
			sourceTree = "<group>";
		};
		A6BC8BD51BE2B21F006A91F7 /* Products */ = {
			isa = PBXGroup;
			children = (
				A6BC8BD41BE2B21F006A91F7 /* Dubki.app */,
			);
			name = Products;
			sourceTree = "<group>";
		};
		A6BC8BD61BE2B21F006A91F7 /* Dubki */ = {
			isa = PBXGroup;
			children = (
				A6D496551BE655EA00073024 /* SwiftyJSON */,
				A6BC8BF31BE3C2EC006A91F7 /* Resources */,
				A6BC8BD71BE2B21F006A91F7 /* AppDelegate.swift */,
				A6BC8BD91BE2B21F006A91F7 /* FindViewController.swift */,
				A6BC8BE91BE2BE9B006A91F7 /* CampusPickerViewController.swift */,
				A6BC8BEB1BE2BEAC006A91F7 /* TimePickerViewController.swift */,
				A6BC8BED1BE2BEC7006A91F7 /* RouteTableViewController.swift */,
				219FA9C81BEA2BAC00161450 /* SettingsTableViewController.swift */,
				219CFFCF1BEBECE7008F2EE8 /* AboutViewController.swift */,
				A6BC8BF11BE3C232006A91F7 /* RouteDataModel.swift */,
				219CFFD31BEBFA24008F2EE8 /* LocationService.swift */,
				A6BC8BDB1BE2B21F006A91F7 /* Main.storyboard */,
				A6BC8BE01BE2B21F006A91F7 /* LaunchScreen.storyboard */,
				A6BC8BE31BE2B21F006A91F7 /* Info.plist */,
			);
			path = Dubki;
			sourceTree = "<group>";
		};
		A6BC8BF31BE3C2EC006A91F7 /* Resources */ = {
			isa = PBXGroup;
			children = (
				A6BC8BDE1BE2B21F006A91F7 /* Assets.xcassets */,
				21C89BC31BE69E2700816449 /* Localizable.strings */,
				21DBB3791BE6AD3600879415 /* FortuneQuotes.plist */,
				21BC21F31BE95601002E0DFF /* Dormitories.plist */,
				21C89BC11BE6501500816449 /* Campuses.plist */,
				219C1DFA1BE76F3C0084CC5C /* Stations.plist */,
				219C1DFE1BE786BC0084CC5C /* Subways.plist */,
			);
			name = Resources;
			sourceTree = "<group>";
		};
		A6D496551BE655EA00073024 /* SwiftyJSON */ = {
			isa = PBXGroup;
			children = (
				A6D496571BE6560800073024 /* SwiftyJSON.h */,
				A6D496561BE6560800073024 /* SwiftyJSON.swift */,
			);
			name = SwiftyJSON;
			sourceTree = "<group>";
		};
/* End PBXGroup section */

/* Begin PBXNativeTarget section */
		A6BC8BD31BE2B21F006A91F7 /* Dubki */ = {
			isa = PBXNativeTarget;
			buildConfigurationList = A6BC8BE61BE2B21F006A91F7 /* Build configuration list for PBXNativeTarget "Dubki" */;
			buildPhases = (
				A6BC8BD01BE2B21F006A91F7 /* Sources */,
				A6BC8BD11BE2B21F006A91F7 /* Frameworks */,
				A6BC8BD21BE2B21F006A91F7 /* Resources */,
			);
			buildRules = (
			);
			dependencies = (
			);
			name = Dubki;
			productName = Dubki;
			productReference = A6BC8BD41BE2B21F006A91F7 /* Dubki.app */;
			productType = "com.apple.product-type.application";
		};
/* End PBXNativeTarget section */

/* Begin PBXProject section */
		A6BC8BCC1BE2B21F006A91F7 /* Project object */ = {
			isa = PBXProject;
			attributes = {
				LastSwiftUpdateCheck = 0710;
				LastUpgradeCheck = 0710;
				ORGANIZATIONNAME = "Alexander Morenko";
				TargetAttributes = {
					A6BC8BD31BE2B21F006A91F7 = {
						CreatedOnToolsVersion = 7.1;
						DevelopmentTeam = WCVA56APQ2;
					};
				};
			};
			buildConfigurationList = A6BC8BCF1BE2B21F006A91F7 /* Build configuration list for PBXProject "Dubki" */;
			compatibilityVersion = "Xcode 3.2";
			developmentRegion = English;
			hasScannedForEncodings = 0;
			knownRegions = (
				en,
				Base,
				ru,
			);
			mainGroup = A6BC8BCB1BE2B21F006A91F7;
			productRefGroup = A6BC8BD51BE2B21F006A91F7 /* Products */;
			projectDirPath = "";
			projectRoot = "";
			targets = (
				A6BC8BD31BE2B21F006A91F7 /* Dubki */,
			);
		};
/* End PBXProject section */

/* Begin PBXResourcesBuildPhase section */
		A6BC8BD21BE2B21F006A91F7 /* Resources */ = {
			isa = PBXResourcesBuildPhase;
			buildActionMask = 2147483647;
			files = (
				21C89BC51BE69E2700816449 /* Localizable.strings in Resources */,
				A6BC8BE21BE2B21F006A91F7 /* LaunchScreen.storyboard in Resources */,
				21C89BBF1BE6501500816449 /* Campuses.plist in Resources */,
				A6BC8BDF1BE2B21F006A91F7 /* Assets.xcassets in Resources */,
				A6BC8BDD1BE2B21F006A91F7 /* Main.storyboard in Resources */,
				21BC21F51BE95601002E0DFF /* Dormitories.plist in Resources */,
				219C1E001BE786BC0084CC5C /* Subways.plist in Resources */,
				219C1DFC1BE76F3C0084CC5C /* Stations.plist in Resources */,
				21DBB37B1BE6AD3600879415 /* FortuneQuotes.plist in Resources */,
			);
			runOnlyForDeploymentPostprocessing = 0;
		};
/* End PBXResourcesBuildPhase section */

/* Begin PBXSourcesBuildPhase section */
		A6BC8BD01BE2B21F006A91F7 /* Sources */ = {
			isa = PBXSourcesBuildPhase;
			buildActionMask = 2147483647;
			files = (
				A6BC8BF01BE2D417006A91F7 /* README.md in Sources */,
				A6BC8BEE1BE2BEC7006A91F7 /* RouteTableViewController.swift in Sources */,
				A6BC8BDA1BE2B21F006A91F7 /* FindViewController.swift in Sources */,
				A6D496581BE6560800073024 /* SwiftyJSON.swift in Sources */,
				A6BC8BEC1BE2BEAD006A91F7 /* TimePickerViewController.swift in Sources */,
				A6BC8BEA1BE2BE9B006A91F7 /* CampusPickerViewController.swift in Sources */,
				219CFFD41BEBFA24008F2EE8 /* LocationService.swift in Sources */,
				A6BC8BD81BE2B21F006A91F7 /* AppDelegate.swift in Sources */,
				A6BC8BF21BE3C232006A91F7 /* RouteDataModel.swift in Sources */,
				219CFFD01BEBECE7008F2EE8 /* AboutViewController.swift in Sources */,
				219FA9C91BEA2BAC00161450 /* SettingsTableViewController.swift in Sources */,
			);
			runOnlyForDeploymentPostprocessing = 0;
		};
/* End PBXSourcesBuildPhase section */

/* Begin PBXVariantGroup section */
		219C1DFA1BE76F3C0084CC5C /* Stations.plist */ = {
			isa = PBXVariantGroup;
			children = (
				219C1DFB1BE76F3C0084CC5C /* Base */,
				219C1DFD1BE770850084CC5C /* ru */,
			);
			name = Stations.plist;
			sourceTree = "<group>";
		};
		219C1DFE1BE786BC0084CC5C /* Subways.plist */ = {
			isa = PBXVariantGroup;
			children = (
				219C1DFF1BE786BC0084CC5C /* Base */,
				219C1E011BE788AB0084CC5C /* ru */,
			);
			name = Subways.plist;
			sourceTree = "<group>";
		};
		21BC21F31BE95601002E0DFF /* Dormitories.plist */ = {
			isa = PBXVariantGroup;
			children = (
				21BC21F41BE95601002E0DFF /* Base */,
				21BC21F61BE95626002E0DFF /* ru */,
			);
			name = Dormitories.plist;
			sourceTree = "<group>";
		};
		21C89BC11BE6501500816449 /* Campuses.plist */ = {
			isa = PBXVariantGroup;
			children = (
				21C89BC01BE6501500816449 /* Base */,
				21C89BC21BE6501C00816449 /* ru */,
			);
			name = Campuses.plist;
			sourceTree = "<group>";
		};
		21C89BC31BE69E2700816449 /* Localizable.strings */ = {
			isa = PBXVariantGroup;
			children = (
				21C89BC41BE69E2700816449 /* Base */,
				21C89BC61BE69E3300816449 /* ru */,
			);
			name = Localizable.strings;
			sourceTree = "<group>";
		};
		21DBB3791BE6AD3600879415 /* FortuneQuotes.plist */ = {
			isa = PBXVariantGroup;
			children = (
				21DBB37A1BE6AD3600879415 /* Base */,
				21DBB37C1BE6AE6E00879415 /* ru */,
			);
			name = FortuneQuotes.plist;
			sourceTree = "<group>";
		};
		A6BC8BDB1BE2B21F006A91F7 /* Main.storyboard */ = {
			isa = PBXVariantGroup;
			children = (
				A6BC8BDC1BE2B21F006A91F7 /* Base */,
				219FA9CB1BEA2F3200161450 /* ru */,
			);
			name = Main.storyboard;
			sourceTree = "<group>";
		};
		A6BC8BE01BE2B21F006A91F7 /* LaunchScreen.storyboard */ = {
			isa = PBXVariantGroup;
			children = (
				A6BC8BE11BE2B21F006A91F7 /* Base */,
				21C89BBE1BE64FE800816449 /* ru */,
			);
			name = LaunchScreen.storyboard;
			sourceTree = "<group>";
		};
/* End PBXVariantGroup section */

/* Begin XCBuildConfiguration section */
		A6BC8BE41BE2B21F006A91F7 /* Debug */ = {
			isa = XCBuildConfiguration;
			buildSettings = {
				ALWAYS_SEARCH_USER_PATHS = NO;
				CLANG_CXX_LANGUAGE_STANDARD = "gnu++0x";
				CLANG_CXX_LIBRARY = "libc++";
				CLANG_ENABLE_MODULES = YES;
				CLANG_ENABLE_OBJC_ARC = YES;
				CLANG_WARN_BOOL_CONVERSION = YES;
				CLANG_WARN_CONSTANT_CONVERSION = YES;
				CLANG_WARN_DIRECT_OBJC_ISA_USAGE = YES_ERROR;
				CLANG_WARN_EMPTY_BODY = YES;
				CLANG_WARN_ENUM_CONVERSION = YES;
				CLANG_WARN_INT_CONVERSION = YES;
				CLANG_WARN_OBJC_ROOT_CLASS = YES_ERROR;
				CLANG_WARN_UNREACHABLE_CODE = YES;
				CLANG_WARN__DUPLICATE_METHOD_MATCH = YES;
				"CODE_SIGN_IDENTITY[sdk=iphoneos*]" = "iPhone Developer";
				COPY_PHASE_STRIP = NO;
				DEBUG_INFORMATION_FORMAT = dwarf;
				ENABLE_STRICT_OBJC_MSGSEND = YES;
				ENABLE_TESTABILITY = YES;
				GCC_C_LANGUAGE_STANDARD = gnu99;
				GCC_DYNAMIC_NO_PIC = NO;
				GCC_NO_COMMON_BLOCKS = YES;
				GCC_OPTIMIZATION_LEVEL = 0;
				GCC_PREPROCESSOR_DEFINITIONS = (
					"DEBUG=1",
					"$(inherited)",
				);
				GCC_WARN_64_TO_32_BIT_CONVERSION = YES;
				GCC_WARN_ABOUT_RETURN_TYPE = YES_ERROR;
				GCC_WARN_UNDECLARED_SELECTOR = YES;
				GCC_WARN_UNINITIALIZED_AUTOS = YES_AGGRESSIVE;
				GCC_WARN_UNUSED_FUNCTION = YES;
				GCC_WARN_UNUSED_VARIABLE = YES;
				IPHONEOS_DEPLOYMENT_TARGET = 7.0;
				MTL_ENABLE_DEBUG_INFO = YES;
				ONLY_ACTIVE_ARCH = YES;
				SDKROOT = iphoneos;
				SWIFT_OPTIMIZATION_LEVEL = "-Onone";
			};
			name = Debug;
		};
		A6BC8BE51BE2B21F006A91F7 /* Release */ = {
			isa = XCBuildConfiguration;
			buildSettings = {
				ALWAYS_SEARCH_USER_PATHS = NO;
				CLANG_CXX_LANGUAGE_STANDARD = "gnu++0x";
				CLANG_CXX_LIBRARY = "libc++";
				CLANG_ENABLE_MODULES = YES;
				CLANG_ENABLE_OBJC_ARC = YES;
				CLANG_WARN_BOOL_CONVERSION = YES;
				CLANG_WARN_CONSTANT_CONVERSION = YES;
				CLANG_WARN_DIRECT_OBJC_ISA_USAGE = YES_ERROR;
				CLANG_WARN_EMPTY_BODY = YES;
				CLANG_WARN_ENUM_CONVERSION = YES;
				CLANG_WARN_INT_CONVERSION = YES;
				CLANG_WARN_OBJC_ROOT_CLASS = YES_ERROR;
				CLANG_WARN_UNREACHABLE_CODE = YES;
				CLANG_WARN__DUPLICATE_METHOD_MATCH = YES;
				"CODE_SIGN_IDENTITY[sdk=iphoneos*]" = "iPhone Developer";
				COPY_PHASE_STRIP = NO;
				DEBUG_INFORMATION_FORMAT = "dwarf-with-dsym";
				ENABLE_NS_ASSERTIONS = NO;
				ENABLE_STRICT_OBJC_MSGSEND = YES;
				GCC_C_LANGUAGE_STANDARD = gnu99;
				GCC_NO_COMMON_BLOCKS = YES;
				GCC_WARN_64_TO_32_BIT_CONVERSION = YES;
				GCC_WARN_ABOUT_RETURN_TYPE = YES_ERROR;
				GCC_WARN_UNDECLARED_SELECTOR = YES;
				GCC_WARN_UNINITIALIZED_AUTOS = YES_AGGRESSIVE;
				GCC_WARN_UNUSED_FUNCTION = YES;
				GCC_WARN_UNUSED_VARIABLE = YES;
				IPHONEOS_DEPLOYMENT_TARGET = 7.0;
				MTL_ENABLE_DEBUG_INFO = NO;
				SDKROOT = iphoneos;
				VALIDATE_PRODUCT = YES;
			};
			name = Release;
		};
		A6BC8BE71BE2B21F006A91F7 /* Debug */ = {
			isa = XCBuildConfiguration;
			buildSettings = {
				ASSETCATALOG_COMPILER_APPICON_NAME = AppIcon;
				CODE_SIGN_IDENTITY = "iPhone Developer";
				CURRENT_PROJECT_VERSION = 1;
				INFOPLIST_FILE = Dubki/Info.plist;
				IPHONEOS_DEPLOYMENT_TARGET = 7.0;
				LD_RUNPATH_SEARCH_PATHS = "$(inherited) @executable_path/Frameworks";
				PRODUCT_BUNDLE_IDENTIFIER = ru.lionsoft.Dubki;
				PRODUCT_NAME = "$(TARGET_NAME)";
				TARGETED_DEVICE_FAMILY = 1;
				VERSIONING_SYSTEM = "apple-generic";
			};
			name = Debug;
		};
		A6BC8BE81BE2B21F006A91F7 /* Release */ = {
			isa = XCBuildConfiguration;
			buildSettings = {
				ASSETCATALOG_COMPILER_APPICON_NAME = AppIcon;
				CODE_SIGN_IDENTITY = "iPhone Developer";
				CURRENT_PROJECT_VERSION = 1;
				INFOPLIST_FILE = Dubki/Info.plist;
				IPHONEOS_DEPLOYMENT_TARGET = 7.0;
				LD_RUNPATH_SEARCH_PATHS = "$(inherited) @executable_path/Frameworks";
				PRODUCT_BUNDLE_IDENTIFIER = ru.lionsoft.Dubki;
				PRODUCT_NAME = "$(TARGET_NAME)";
				TARGETED_DEVICE_FAMILY = 1;
				VERSIONING_SYSTEM = "apple-generic";
			};
			name = Release;
		};
/* End XCBuildConfiguration section */

/* Begin XCConfigurationList section */
		A6BC8BCF1BE2B21F006A91F7 /* Build configuration list for PBXProject "Dubki" */ = {
			isa = XCConfigurationList;
			buildConfigurations = (
				A6BC8BE41BE2B21F006A91F7 /* Debug */,
				A6BC8BE51BE2B21F006A91F7 /* Release */,
			);
			defaultConfigurationIsVisible = 0;
			defaultConfigurationName = Release;
		};
		A6BC8BE61BE2B21F006A91F7 /* Build configuration list for PBXNativeTarget "Dubki" */ = {
			isa = XCConfigurationList;
			buildConfigurations = (
				A6BC8BE71BE2B21F006A91F7 /* Debug */,
				A6BC8BE81BE2B21F006A91F7 /* Release */,
			);
			defaultConfigurationIsVisible = 0;
			defaultConfigurationName = Release;
		};
/* End XCConfigurationList section */
	};
	rootObject = A6BC8BCC1BE2B21F006A91F7 /* Project object */;
}
