// !$*UTF8*$!
{
	archiveVersion = 1;
	classes = {
	};
	objectVersion = 46;
	objects = {

/* Begin PBXBuildFile section */
		A6BC8BD81BE2B21F006A91F7 /* AppDelegate.swift in Sources */ = {isa = PBXBuildFile; fileRef = A6BC8BD71BE2B21F006A91F7 /* AppDelegate.swift */; };
		A6BC8BDA1BE2B21F006A91F7 /* ViewController.swift in Sources */ = {isa = PBXBuildFile; fileRef = A6BC8BD91BE2B21F006A91F7 /* ViewController.swift */; };
		A6BC8BDD1BE2B21F006A91F7 /* Main.storyboard in Resources */ = {isa = PBXBuildFile; fileRef = A6BC8BDB1BE2B21F006A91F7 /* Main.storyboard */; };
		A6BC8BDF1BE2B21F006A91F7 /* Assets.xcassets in Resources */ = {isa = PBXBuildFile; fileRef = A6BC8BDE1BE2B21F006A91F7 /* Assets.xcassets */; };
		A6BC8BE21BE2B21F006A91F7 /* LaunchScreen.storyboard in Resources */ = {isa = PBXBuildFile; fileRef = A6BC8BE01BE2B21F006A91F7 /* LaunchScreen.storyboard */; };
		A6BC8BEA1BE2BE9B006A91F7 /* PlacePickerViewController.swift in Sources */ = {isa = PBXBuildFile; fileRef = A6BC8BE91BE2BE9B006A91F7 /* PlacePickerViewController.swift */; };
		A6BC8BEC1BE2BEAD006A91F7 /* TimePickerViewController.swift in Sources */ = {isa = PBXBuildFile; fileRef = A6BC8BEB1BE2BEAC006A91F7 /* TimePickerViewController.swift */; };
		A6BC8BEE1BE2BEC7006A91F7 /* RouteTableViewController.swift in Sources */ = {isa = PBXBuildFile; fileRef = A6BC8BED1BE2BEC7006A91F7 /* RouteTableViewController.swift */; };
/* End PBXBuildFile section */

/* Begin PBXFileReference section */
		A6BC8BD41BE2B21F006A91F7 /* Dubki.app */ = {isa = PBXFileReference; explicitFileType = wrapper.application; includeInIndex = 0; path = Dubki.app; sourceTree = BUILT_PRODUCTS_DIR; };
		A6BC8BD71BE2B21F006A91F7 /* AppDelegate.swift */ = {isa = PBXFileReference; lastKnownFileType = sourcecode.swift; path = AppDelegate.swift; sourceTree = "<group>"; };
		A6BC8BD91BE2B21F006A91F7 /* ViewController.swift */ = {isa = PBXFileReference; lastKnownFileType = sourcecode.swift; path = ViewController.swift; sourceTree = "<group>"; };
		A6BC8BDC1BE2B21F006A91F7 /* Base */ = {isa = PBXFileReference; lastKnownFileType = file.storyboard; name = Base; path = Base.lproj/Main.storyboard; sourceTree = "<group>"; };
		A6BC8BDE1BE2B21F006A91F7 /* Assets.xcassets */ = {isa = PBXFileReference; lastKnownFileType = folder.assetcatalog; path = Assets.xcassets; sourceTree = "<group>"; };
		A6BC8BE11BE2B21F006A91F7 /* Base */ = {isa = PBXFileReference; lastKnownFileType = file.storyboard; name = Base; path = Base.lproj/LaunchScreen.storyboard; sourceTree = "<group>"; };
		A6BC8BE31BE2B21F006A91F7 /* Info.plist */ = {isa = PBXFileReference; lastKnownFileType = text.plist.xml; path = Info.plist; sourceTree = "<group>"; };
		A6BC8BE91BE2BE9B006A91F7 /* PlacePickerViewController.swift */ = {isa = PBXFileReference; fileEncoding = 4; lastKnownFileType = sourcecode.swift; path = PlacePickerViewController.swift; sourceTree = "<group>"; };
		A6BC8BEB1BE2BEAC006A91F7 /* TimePickerViewController.swift */ = {isa = PBXFileReference; fileEncoding = 4; lastKnownFileType = sourcecode.swift; path = TimePickerViewController.swift; sourceTree = "<group>"; };
		A6BC8BED1BE2BEC7006A91F7 /* RouteTableViewController.swift */ = {isa = PBXFileReference; fileEncoding = 4; lastKnownFileType = sourcecode.swift; path = RouteTableViewController.swift; sourceTree = "<group>"; };
/* End PBXFileReference section */

/* Begin PBXFrameworksBuildPhase section */
		A6BC8BD11BE2B21F006A91F7 /* Frameworks */ = {
			isa = PBXFrameworksBuildPhase;
			buildActionMask = 2147483647;
			files = (
			);
			runOnlyForDeploymentPostprocessing = 0;
		};
/* End PBXFrameworksBuildPhase section */

/* Begin PBXGroup section */
		A6BC8BCB1BE2B21F006A91F7 = {
			isa = PBXGroup;
			children = (
				A6BC8BD61BE2B21F006A91F7 /* Dubki */,
				A6BC8BD51BE2B21F006A91F7 /* Products */,
			);
			sourceTree = "<group>";
		};
		A6BC8BD51BE2B21F006A91F7 /* Products */ = {
			isa = PBXGroup;
			children = (
				A6BC8BD41BE2B21F006A91F7 /* Dubki.app */,
			);
			name = Products;
			sourceTree = "<group>";
		};
		A6BC8BD61BE2B21F006A91F7 /* Dubki */ = {
			isa = PBXGroup;
			children = (
				A6BC8BD71BE2B21F006A91F7 /* AppDelegate.swift */,
				A6BC8BD91BE2B21F006A91F7 /* ViewController.swift */,
				A6BC8BE91BE2BE9B006A91F7 /* PlacePickerViewController.swift */,
				A6BC8BEB1BE2BEAC006A91F7 /* TimePickerViewController.swift */,
				A6BC8BED1BE2BEC7006A91F7 /* RouteTableViewController.swift */,
				A6BC8BDB1BE2B21F006A91F7 /* Main.storyboard */,
				A6BC8BDE1BE2B21F006A91F7 /* Assets.xcassets */,
				A6BC8BE01BE2B21F006A91F7 /* LaunchScreen.storyboard */,
				A6BC8BE31BE2B21F006A91F7 /* Info.plist */,
			);
			path = Dubki;
			sourceTree = "<group>";
		};
/* End PBXGroup section */

/* Begin PBXNativeTarget section */
		A6BC8BD31BE2B21F006A91F7 /* Dubki */ = {
			isa = PBXNativeTarget;
			buildConfigurationList = A6BC8BE61BE2B21F006A91F7 /* Build configuration list for PBXNativeTarget "Dubki" */;
			buildPhases = (
				A6BC8BD01BE2B21F006A91F7 /* Sources */,
				A6BC8BD11BE2B21F006A91F7 /* Frameworks */,
				A6BC8BD21BE2B21F006A91F7 /* Resources */,
			);
			buildRules = (
			);
			dependencies = (
			);
			name = Dubki;
			productName = Dubki;
			productReference = A6BC8BD41BE2B21F006A91F7 /* Dubki.app */;
			productType = "com.apple.product-type.application";
		};
/* End PBXNativeTarget section */

/* Begin PBXProject section */
		A6BC8BCC1BE2B21F006A91F7 /* Project object */ = {
			isa = PBXProject;
			attributes = {
				LastSwiftUpdateCheck = 0710;
				LastUpgradeCheck = 0710;
				ORGANIZATIONNAME = "Alexander Morenko";
				TargetAttributes = {
					A6BC8BD31BE2B21F006A91F7 = {
						CreatedOnToolsVersion = 7.1;
					};
				};
			};
			buildConfigurationList = A6BC8BCF1BE2B21F006A91F7 /* Build configuration list for PBXProject "Dubki" */;
			compatibilityVersion = "Xcode 3.2";
			developmentRegion = English;
			hasScannedForEncodings = 0;
			knownRegions = (
				en,
				Base,
			);
			mainGroup = A6BC8BCB1BE2B21F006A91F7;
			productRefGroup = A6BC8BD51BE2B21F006A91F7 /* Products */;
			projectDirPath = "";
			projectRoot = "";
			targets = (
				A6BC8BD31BE2B21F006A91F7 /* Dubki */,
			);
		};
/* End PBXProject section */

/* Begin PBXResourcesBuildPhase section */
		A6BC8BD21BE2B21F006A91F7 /* Resources */ = {
			isa = PBXResourcesBuildPhase;
			buildActionMask = 2147483647;
			files = (
				A6BC8BE21BE2B21F006A91F7 /* LaunchScreen.storyboard in Resources */,
				A6BC8BDF1BE2B21F006A91F7 /* Assets.xcassets in Resources */,
				A6BC8BDD1BE2B21F006A91F7 /* Main.storyboard in Resources */,
			);
			runOnlyForDeploymentPostprocessing = 0;
		};
/* End PBXResourcesBuildPhase section */

/* Begin PBXSourcesBuildPhase section */
		A6BC8BD01BE2B21F006A91F7 /* Sources */ = {
			isa = PBXSourcesBuildPhase;
			buildActionMask = 2147483647;
			files = (
				A6BC8BEE1BE2BEC7006A91F7 /* RouteTableViewController.swift in Sources */,
				A6BC8BDA1BE2B21F006A91F7 /* ViewController.swift in Sources */,
				A6BC8BEC1BE2BEAD006A91F7 /* TimePickerViewController.swift in Sources */,
				A6BC8BEA1BE2BE9B006A91F7 /* PlacePickerViewController.swift in Sources */,
				A6BC8BD81BE2B21F006A91F7 /* AppDelegate.swift in Sources */,
			);
			runOnlyForDeploymentPostprocessing = 0;
		};
/* End PBXSourcesBuildPhase section */

/* Begin PBXVariantGroup section */
		A6BC8BDB1BE2B21F006A91F7 /* Main.storyboard */ = {
			isa = PBXVariantGroup;
			children = (
				A6BC8BDC1BE2B21F006A91F7 /* Base */,
			);
			name = Main.storyboard;
			sourceTree = "<group>";
		};
		A6BC8BE01BE2B21F006A91F7 /* LaunchScreen.storyboard */ = {
			isa = PBXVariantGroup;
			children = (
				A6BC8BE11BE2B21F006A91F7 /* Base */,
			);
			name = LaunchScreen.storyboard;
			sourceTree = "<group>";
		};
/* End PBXVariantGroup section */

/* Begin XCBuildConfiguration section */
		A6BC8BE41BE2B21F006A91F7 /* Debug */ = {
			isa = XCBuildConfiguration;
			buildSettings = {
				ALWAYS_SEARCH_USER_PATHS = NO;
				CLANG_CXX_LANGUAGE_STANDARD = "gnu++0x";
				CLANG_CXX_LIBRARY = "libc++";
				CLANG_ENABLE_MODULES = YES;
				CLANG_ENABLE_OBJC_ARC = YES;
				CLANG_WARN_BOOL_CONVERSION = YES;
				CLANG_WARN_CONSTANT_CONVERSION = YES;
				CLANG_WARN_DIRECT_OBJC_ISA_USAGE = YES_ERROR;
				CLANG_WARN_EMPTY_BODY = YES;
				CLANG_WARN_ENUM_CONVERSION = YES;
				CLANG_WARN_INT_CONVERSION = YES;
				CLANG_WARN_OBJC_ROOT_CLASS = YES_ERROR;
				CLANG_WARN_UNREACHABLE_CODE = YES;
				CLANG_WARN__DUPLICATE_METHOD_MATCH = YES;
				"CODE_SIGN_IDENTITY[sdk=iphoneos*]" = "iPhone Developer";
				COPY_PHASE_STRIP = NO;
				DEBUG_INFORMATION_FORMAT = dwarf;
				ENABLE_STRICT_OBJC_MSGSEND = YES;
				ENABLE_TESTABILITY = YES;
				GCC_C_LANGUAGE_STANDARD = gnu99;
				GCC_DYNAMIC_NO_PIC = NO;
				GCC_NO_COMMON_BLOCKS = YES;
				GCC_OPTIMIZATION_LEVEL = 0;
				GCC_PREPROCESSOR_DEFINITIONS = (
					"DEBUG=1",
					"$(inherited)",
				);
				GCC_WARN_64_TO_32_BIT_CONVERSION = YES;
				GCC_WARN_ABOUT_RETURN_TYPE = YES_ERROR;
				GCC_WARN_UNDECLARED_SELECTOR = YES;
				GCC_WARN_UNINITIALIZED_AUTOS = YES_AGGRESSIVE;
				GCC_WARN_UNUSED_FUNCTION = YES;
				GCC_WARN_UNUSED_VARIABLE = YES;
				IPHONEOS_DEPLOYMENT_TARGET = 9.1;
				MTL_ENABLE_DEBUG_INFO = YES;
				ONLY_ACTIVE_ARCH = YES;
				SDKROOT = iphoneos;
				SWIFT_OPTIMIZATION_LEVEL = "-Onone";
			};
			name = Debug;
		};
		A6BC8BE51BE2B21F006A91F7 /* Release */ = {
			isa = XCBuildConfiguration;
			buildSettings = {
				ALWAYS_SEARCH_USER_PATHS = NO;
				CLANG_CXX_LANGUAGE_STANDARD = "gnu++0x";
				CLANG_CXX_LIBRARY = "libc++";
				CLANG_ENABLE_MODULES = YES;
				CLANG_ENABLE_OBJC_ARC = YES;
				CLANG_WARN_BOOL_CONVERSION = YES;
				CLANG_WARN_CONSTANT_CONVERSION = YES;
				CLANG_WARN_DIRECT_OBJC_ISA_USAGE = YES_ERROR;
				CLANG_WARN_EMPTY_BODY = YES;
				CLANG_WARN_ENUM_CONVERSION = YES;
				CLANG_WARN_INT_CONVERSION = YES;
				CLANG_WARN_OBJC_ROOT_CLASS = YES_ERROR;
				CLANG_WARN_UNREACHABLE_CODE = YES;
				CLANG_WARN__DUPLICATE_METHOD_MATCH = YES;
				"CODE_SIGN_IDENTITY[sdk=iphoneos*]" = "iPhone Developer";
				COPY_PHASE_STRIP = NO;
				DEBUG_INFORMATION_FORMAT = "dwarf-with-dsym";
				ENABLE_NS_ASSERTIONS = NO;
				ENABLE_STRICT_OBJC_MSGSEND = YES;
				GCC_C_LANGUAGE_STANDARD = gnu99;
				GCC_NO_COMMON_BLOCKS = YES;
				GCC_WARN_64_TO_32_BIT_CONVERSION = YES;
				GCC_WARN_ABOUT_RETURN_TYPE = YES_ERROR;
				GCC_WARN_UNDECLARED_SELECTOR = YES;
				GCC_WARN_UNINITIALIZED_AUTOS = YES_AGGRESSIVE;
				GCC_WARN_UNUSED_FUNCTION = YES;
				GCC_WARN_UNUSED_VARIABLE = YES;
				IPHONEOS_DEPLOYMENT_TARGET = 9.1;
				MTL_ENABLE_DEBUG_INFO = NO;
				SDKROOT = iphoneos;
				VALIDATE_PRODUCT = YES;
			};
			name = Release;
		};
		A6BC8BE71BE2B21F006A91F7 /* Debug */ = {
			isa = XCBuildConfiguration;
			buildSettings = {
				ASSETCATALOG_COMPILER_APPICON_NAME = AppIcon;
				INFOPLIST_FILE = Dubki/Info.plist;
				LD_RUNPATH_SEARCH_PATHS = "$(inherited) @executable_path/Frameworks";
				PRODUCT_BUNDLE_IDENTIFIER = LionSoft.Dubki;
				PRODUCT_NAME = "$(TARGET_NAME)";
			};
			name = Debug;
		};
		A6BC8BE81BE2B21F006A91F7 /* Release */ = {
			isa = XCBuildConfiguration;
			buildSettings = {
				ASSETCATALOG_COMPILER_APPICON_NAME = AppIcon;
				INFOPLIST_FILE = Dubki/Info.plist;
				LD_RUNPATH_SEARCH_PATHS = "$(inherited) @executable_path/Frameworks";
				PRODUCT_BUNDLE_IDENTIFIER = LionSoft.Dubki;
				PRODUCT_NAME = "$(TARGET_NAME)";
			};
			name = Release;
		};
/* End XCBuildConfiguration section */

/* Begin XCConfigurationList section */
		A6BC8BCF1BE2B21F006A91F7 /* Build configuration list for PBXProject "Dubki" */ = {
			isa = XCConfigurationList;
			buildConfigurations = (
				A6BC8BE41BE2B21F006A91F7 /* Debug */,
				A6BC8BE51BE2B21F006A91F7 /* Release */,
			);
			defaultConfigurationIsVisible = 0;
			defaultConfigurationName = Release;
		};
		A6BC8BE61BE2B21F006A91F7 /* Build configuration list for PBXNativeTarget "Dubki" */ = {
			isa = XCConfigurationList;
			buildConfigurations = (
				A6BC8BE71BE2B21F006A91F7 /* Debug */,
				A6BC8BE81BE2B21F006A91F7 /* Release */,
			);
			defaultConfigurationIsVisible = 0;
		};
/* End XCConfigurationList section */
	};
	rootObject = A6BC8BCC1BE2B21F006A91F7 /* Project object */;
}
